
Microsoft Visual Studio Solution File, Format Version 12.00
# Visual Studio Version 17
VisualStudioVersion = 17.11.35327.3
MinimumVisualStudioVersion = 10.0.40219.1
Project("{FAE04EC0-301F-11D3-BF4B-00C04F79EFBC}") = "API", "API\API.csproj", "{03F4DFAB-DEA1-4069-9E0C-0022E4BCE144}"
EndProject
Global
	GlobalSection(SolutionConfigurationPlatforms) = preSolution
		Debug|Any CPU = Debug|Any CPU
		Release|Any CPU = Release|Any CPU
	EndGlobalSection
	GlobalSection(ProjectConfigurationPlatforms) = postSolution
		{03F4DFAB-DEA1-4069-9E0C-0022E4BCE144}.Debug|Any CPU.ActiveCfg = Debug|Any CPU
		{03F4DFAB-DEA1-4069-9E0C-0022E4BCE144}.Debug|Any CPU.Build.0 = Debug|Any CPU
		{03F4DFAB-DEA1-4069-9E0C-0022E4BCE144}.Release|Any CPU.ActiveCfg = Release|Any CPU
		{03F4DFAB-DEA1-4069-9E0C-0022E4BCE144}.Release|Any CPU.Build.0 = Release|Any CPU
	EndGlobalSection
	GlobalSection(SolutionProperties) = preSolution
		HideSolutionNode = FALSE
	EndGlobalSection
	GlobalSection(ExtensibilityGlobals) = postSolution
		SolutionGuid = {0295B6DC-838A-42E0-9E09-50ECCB5F62BD}
	EndGlobalSection
EndGlobal
